<?xml version="1.0" encoding="UTF-8"?>
<!DOCTYPE plist PUBLIC "-//Apple//DTD PLIST 1.0//EN" "http://www.apple.com/DTDs/PropertyList-1.0.dtd">
<plist version="1.0">
<dict>
	<key>archiveVersion</key>
	<string>1</string>
	<key>classes</key>
	<dict/>
	<key>objectVersion</key>
	<string>46</string>
	<key>objects</key>
	<dict>
		<key>0D647CC916E20A6700C22EF6</key>
		<dict>
			<key>fileEncoding</key>
			<string>4</string>
			<key>isa</key>
			<string>PBXFileReference</string>
			<key>lastKnownFileType</key>
			<string>sourcecode.c.objc</string>
			<key>path</key>
			<string>REAppDelegate.m</string>
			<key>sourceTree</key>
			<string>&lt;group&gt;</string>
		</dict>
		<key>0D647CCA16E20A6700C22EF6</key>
		<dict>
			<key>fileEncoding</key>
			<string>4</string>
			<key>isa</key>
			<string>PBXFileReference</string>
			<key>lastKnownFileType</key>
			<string>sourcecode.c.h</string>
			<key>path</key>
			<string>REAppDelegate.h</string>
			<key>sourceTree</key>
			<string>&lt;group&gt;</string>
		</dict>
		<key>0D647CCB16E20A6700C22EF6</key>
		<dict>
			<key>fileRef</key>
			<string>0D647CC916E20A6700C22EF6</string>
			<key>isa</key>
			<string>PBXBuildFile</string>
		</dict>
		<key>0DF6474A16E207A800711B26</key>
		<dict>
			<key>children</key>
			<array>
				<string>0DF6475C16E207A800711B26</string>
				<string>0DF6475516E207A800711B26</string>
				<string>0DF6475416E207A800711B26</string>
				<string>F90BBAD076014146A35BD2BA</string>
			</array>
			<key>isa</key>
			<string>PBXGroup</string>
			<key>sourceTree</key>
			<string>&lt;group&gt;</string>
		</dict>
		<key>0DF6474B16E207A800711B26</key>
		<dict>
			<key>attributes</key>
			<dict>
				<key>CLASSPREFIX</key>
				<string>RE</string>
				<key>LastUpgradeCheck</key>
				<string>0460</string>
				<key>ORGANIZATIONNAME</key>
				<string>ojimac</string>
			</dict>
			<key>buildConfigurationList</key>
			<string>0DF6474E16E207A800711B26</string>
			<key>compatibilityVersion</key>
			<string>Xcode 3.2</string>
			<key>developmentRegion</key>
			<string>English</string>
			<key>hasScannedForEncodings</key>
			<string>0</string>
			<key>isa</key>
			<string>PBXProject</string>
			<key>knownRegions</key>
			<array>
				<string>en</string>
			</array>
			<key>mainGroup</key>
			<string>0DF6474A16E207A800711B26</string>
			<key>productRefGroup</key>
			<string>0DF6475416E207A800711B26</string>
			<key>projectDirPath</key>
			<string></string>
			<key>projectReferences</key>
			<array/>
			<key>projectRoot</key>
			<string></string>
			<key>targets</key>
			<array>
				<string>0DF6475216E207A800711B26</string>
			</array>
		</dict>
		<key>0DF6474E16E207A800711B26</key>
		<dict>
			<key>buildConfigurations</key>
			<array>
				<string>0DF6477416E207A800711B26</string>
				<string>0DF6477516E207A800711B26</string>
			</array>
			<key>defaultConfigurationIsVisible</key>
			<string>0</string>
			<key>defaultConfigurationName</key>
			<string>Release</string>
			<key>isa</key>
			<string>XCConfigurationList</string>
		</dict>
		<key>0DF6474F16E207A800711B26</key>
		<dict>
			<key>buildActionMask</key>
			<string>2147483647</string>
			<key>files</key>
			<array>
				<string>0DF6476316E207A800711B26</string>
				<string>0DF6478316E2096900711B26</string>
				<string>0D647CCB16E20A6700C22EF6</string>
			</array>
			<key>isa</key>
			<string>PBXSourcesBuildPhase</string>
			<key>runOnlyForDeploymentPostprocessing</key>
			<string>0</string>
		</dict>
		<key>0DF6475016E207A800711B26</key>
		<dict>
			<key>buildActionMask</key>
			<string>2147483647</string>
			<key>files</key>
			<array>
				<string>0DF6475716E207A800711B26</string>
				<string>0DF6475916E207A800711B26</string>
				<string>0DF6475B16E207A800711B26</string>
				<string>575DB2D8436446DF940AC8DB</string>
			</array>
			<key>isa</key>
			<string>PBXFrameworksBuildPhase</string>
			<key>runOnlyForDeploymentPostprocessing</key>
			<string>0</string>
		</dict>
		<key>0DF6475116E207A800711B26</key>
		<dict>
			<key>buildActionMask</key>
			<string>2147483647</string>
			<key>files</key>
			<array>
				<string>0DF6476116E207A800711B26</string>
				<string>0DF6477016E207A800711B26</string>
				<string>0DF6478B16E2098200711B26</string>
				<string>0DF6478C16E2098200711B26</string>
				<string>0DF6478D16E2098200711B26</string>
				<string>0DF6479616E209D800711B26</string>
				<string>0DF6479716E209D800711B26</string>
			</array>
			<key>isa</key>
			<string>PBXResourcesBuildPhase</string>
			<key>runOnlyForDeploymentPostprocessing</key>
			<string>0</string>
		</dict>
		<key>0DF6475216E207A800711B26</key>
		<dict>
			<key>buildConfigurationList</key>
			<string>0DF6477616E207A800711B26</string>
			<key>buildPhases</key>
			<array>
				<string>0DF6474F16E207A800711B26</string>
				<string>0DF6475016E207A800711B26</string>
				<string>0DF6475116E207A800711B26</string>
				<string>8BF560FCBAAC4608BBC301A4</string>
			</array>
			<key>buildRules</key>
			<array/>
			<key>dependencies</key>
			<array/>
			<key>isa</key>
			<string>PBXNativeTarget</string>
			<key>name</key>
			<string>RenoirKensaku</string>
			<key>productName</key>
			<string>RenoirKensaku</string>
			<key>productReference</key>
			<string>0DF6475316E207A800711B26</string>
			<key>productType</key>
			<string>com.apple.product-type.application</string>
		</dict>
		<key>0DF6475316E207A800711B26</key>
		<dict>
			<key>explicitFileType</key>
			<string>wrapper.application</string>
			<key>includeInIndex</key>
			<string>0</string>
			<key>isa</key>
			<string>PBXFileReference</string>
			<key>path</key>
			<string>RenoirKensaku.app</string>
			<key>sourceTree</key>
			<string>BUILT_PRODUCTS_DIR</string>
		</dict>
		<key>0DF6475416E207A800711B26</key>
		<dict>
			<key>children</key>
			<array>
				<string>0DF6475316E207A800711B26</string>
			</array>
			<key>isa</key>
			<string>PBXGroup</string>
			<key>name</key>
			<string>Products</string>
			<key>sourceTree</key>
			<string>&lt;group&gt;</string>
		</dict>
		<key>0DF6475516E207A800711B26</key>
		<dict>
			<key>children</key>
			<array>
				<string>0DF6475616E207A800711B26</string>
				<string>0DF6475816E207A800711B26</string>
				<string>0DF6475A16E207A800711B26</string>
				<string>EDA1EFF204CF41DA8B293872</string>
			</array>
			<key>isa</key>
			<string>PBXGroup</string>
			<key>name</key>
			<string>Frameworks</string>
			<key>sourceTree</key>
			<string>&lt;group&gt;</string>
		</dict>
		<key>0DF6475616E207A800711B26</key>
		<dict>
			<key>isa</key>
			<string>PBXFileReference</string>
			<key>lastKnownFileType</key>
			<string>wrapper.framework</string>
			<key>name</key>
			<string>UIKit.framework</string>
			<key>path</key>
			<string>System/Library/Frameworks/UIKit.framework</string>
			<key>sourceTree</key>
			<string>SDKROOT</string>
		</dict>
		<key>0DF6475716E207A800711B26</key>
		<dict>
			<key>fileRef</key>
			<string>0DF6475616E207A800711B26</string>
			<key>isa</key>
			<string>PBXBuildFile</string>
		</dict>
		<key>0DF6475816E207A800711B26</key>
		<dict>
			<key>isa</key>
			<string>PBXFileReference</string>
			<key>lastKnownFileType</key>
			<string>wrapper.framework</string>
			<key>name</key>
			<string>Foundation.framework</string>
			<key>path</key>
			<string>System/Library/Frameworks/Foundation.framework</string>
			<key>sourceTree</key>
			<string>SDKROOT</string>
		</dict>
		<key>0DF6475916E207A800711B26</key>
		<dict>
			<key>fileRef</key>
			<string>0DF6475816E207A800711B26</string>
			<key>isa</key>
			<string>PBXBuildFile</string>
		</dict>
		<key>0DF6475A16E207A800711B26</key>
		<dict>
			<key>isa</key>
			<string>PBXFileReference</string>
			<key>lastKnownFileType</key>
			<string>wrapper.framework</string>
			<key>name</key>
			<string>CoreGraphics.framework</string>
			<key>path</key>
			<string>System/Library/Frameworks/CoreGraphics.framework</string>
			<key>sourceTree</key>
			<string>SDKROOT</string>
		</dict>
		<key>0DF6475B16E207A800711B26</key>
		<dict>
			<key>fileRef</key>
			<string>0DF6475A16E207A800711B26</string>
			<key>isa</key>
			<string>PBXBuildFile</string>
		</dict>
		<key>0DF6475C16E207A800711B26</key>
		<dict>
			<key>children</key>
			<array>
				<string>0D647CC916E20A6700C22EF6</string>
				<string>0D647CCA16E20A6700C22EF6</string>
				<string>0DF6476E16E207A800711B26</string>
				<string>0DF6477A16E2092200711B26</string>
				<string>0DF6477916E2091200711B26</string>
				<string>0DF6475D16E207A800711B26</string>
			</array>
			<key>isa</key>
			<string>PBXGroup</string>
			<key>path</key>
			<string>RenoirKensaku</string>
			<key>sourceTree</key>
			<string>&lt;group&gt;</string>
		</dict>
		<key>0DF6475D16E207A800711B26</key>
		<dict>
			<key>children</key>
			<array>
				<string>0DF6475E16E207A800711B26</string>
				<string>0DF6475F16E207A800711B26</string>
				<string>0DF6476216E207A800711B26</string>
				<string>0DF6476416E207A800711B26</string>
			</array>
			<key>isa</key>
			<string>PBXGroup</string>
			<key>name</key>
			<string>Supporting Files</string>
			<key>sourceTree</key>
			<string>&lt;group&gt;</string>
		</dict>
		<key>0DF6475E16E207A800711B26</key>
		<dict>
			<key>isa</key>
			<string>PBXFileReference</string>
			<key>lastKnownFileType</key>
			<string>text.plist.xml</string>
			<key>path</key>
			<string>RenoirKensaku-Info.plist</string>
			<key>sourceTree</key>
			<string>&lt;group&gt;</string>
		</dict>
		<key>0DF6475F16E207A800711B26</key>
		<dict>
			<key>children</key>
			<array>
				<string>0DF6476016E207A800711B26</string>
			</array>
			<key>isa</key>
			<string>PBXVariantGroup</string>
			<key>name</key>
			<string>InfoPlist.strings</string>
			<key>sourceTree</key>
			<string>&lt;group&gt;</string>
		</dict>
		<key>0DF6476016E207A800711B26</key>
		<dict>
			<key>isa</key>
			<string>PBXFileReference</string>
			<key>lastKnownFileType</key>
			<string>text.plist.strings</string>
			<key>name</key>
			<string>en</string>
			<key>path</key>
			<string>en.lproj/InfoPlist.strings</string>
			<key>sourceTree</key>
			<string>&lt;group&gt;</string>
		</dict>
		<key>0DF6476116E207A800711B26</key>
		<dict>
			<key>fileRef</key>
			<string>0DF6475F16E207A800711B26</string>
			<key>isa</key>
			<string>PBXBuildFile</string>
		</dict>
		<key>0DF6476216E207A800711B26</key>
		<dict>
			<key>isa</key>
			<string>PBXFileReference</string>
			<key>lastKnownFileType</key>
			<string>sourcecode.c.objc</string>
			<key>path</key>
			<string>main.m</string>
			<key>sourceTree</key>
			<string>&lt;group&gt;</string>
		</dict>
		<key>0DF6476316E207A800711B26</key>
		<dict>
			<key>fileRef</key>
			<string>0DF6476216E207A800711B26</string>
			<key>isa</key>
			<string>PBXBuildFile</string>
		</dict>
		<key>0DF6476416E207A800711B26</key>
		<dict>
			<key>isa</key>
			<string>PBXFileReference</string>
			<key>lastKnownFileType</key>
			<string>sourcecode.c.h</string>
			<key>path</key>
			<string>RenoirKensaku-Prefix.pch</string>
			<key>sourceTree</key>
			<string>&lt;group&gt;</string>
		</dict>
		<key>0DF6476E16E207A800711B26</key>
		<dict>
			<key>children</key>
			<array>
				<string>0DF6476F16E207A800711B26</string>
			</array>
			<key>isa</key>
			<string>PBXVariantGroup</string>
			<key>name</key>
			<string>MainStoryboard.storyboard</string>
			<key>sourceTree</key>
			<string>&lt;group&gt;</string>
		</dict>
		<key>0DF6476F16E207A800711B26</key>
		<dict>
			<key>isa</key>
			<string>PBXFileReference</string>
			<key>lastKnownFileType</key>
			<string>file.storyboard</string>
			<key>name</key>
			<string>en</string>
			<key>path</key>
			<string>en.lproj/MainStoryboard.storyboard</string>
			<key>sourceTree</key>
			<string>&lt;group&gt;</string>
		</dict>
		<key>0DF6477016E207A800711B26</key>
		<dict>
			<key>fileRef</key>
			<string>0DF6476E16E207A800711B26</string>
			<key>isa</key>
			<string>PBXBuildFile</string>
		</dict>
		<key>0DF6477416E207A800711B26</key>
		<dict>
			<key>buildSettings</key>
			<dict>
				<key>ALWAYS_SEARCH_USER_PATHS</key>
				<string>NO</string>
				<key>CLANG_CXX_LANGUAGE_STANDARD</key>
				<string>gnu++0x</string>
				<key>CLANG_CXX_LIBRARY</key>
				<string>libc++</string>
				<key>CLANG_ENABLE_OBJC_ARC</key>
				<string>YES</string>
				<key>CLANG_WARN_CONSTANT_CONVERSION</key>
				<string>YES</string>
				<key>CLANG_WARN_EMPTY_BODY</key>
				<string>YES</string>
				<key>CLANG_WARN_ENUM_CONVERSION</key>
				<string>YES</string>
				<key>CLANG_WARN_INT_CONVERSION</key>
				<string>YES</string>
				<key>CLANG_WARN__DUPLICATE_METHOD_MATCH</key>
				<string>YES</string>
				<key>CODE_SIGN_IDENTITY[sdk=iphoneos*]</key>
				<string>iPhone Developer</string>
				<key>COPY_PHASE_STRIP</key>
				<string>NO</string>
				<key>GCC_C_LANGUAGE_STANDARD</key>
				<string>gnu99</string>
				<key>GCC_DYNAMIC_NO_PIC</key>
				<string>NO</string>
				<key>GCC_OPTIMIZATION_LEVEL</key>
				<string>0</string>
				<key>GCC_PREPROCESSOR_DEFINITIONS</key>
				<array>
					<string>DEBUG=1</string>
					<string>$(inherited)</string>
				</array>
				<key>GCC_SYMBOLS_PRIVATE_EXTERN</key>
				<string>NO</string>
				<key>GCC_WARN_ABOUT_RETURN_TYPE</key>
				<string>YES</string>
				<key>GCC_WARN_UNINITIALIZED_AUTOS</key>
				<string>YES</string>
				<key>GCC_WARN_UNUSED_VARIABLE</key>
				<string>YES</string>
				<key>IPHONEOS_DEPLOYMENT_TARGET</key>
				<string>6.1</string>
				<key>ONLY_ACTIVE_ARCH</key>
				<string>YES</string>
				<key>SDKROOT</key>
				<string>iphoneos</string>
			</dict>
			<key>isa</key>
			<string>XCBuildConfiguration</string>
			<key>name</key>
			<string>Debug</string>
		</dict>
		<key>0DF6477516E207A800711B26</key>
		<dict>
			<key>buildSettings</key>
			<dict>
				<key>ALWAYS_SEARCH_USER_PATHS</key>
				<string>NO</string>
				<key>CLANG_CXX_LANGUAGE_STANDARD</key>
				<string>gnu++0x</string>
				<key>CLANG_CXX_LIBRARY</key>
				<string>libc++</string>
				<key>CLANG_ENABLE_OBJC_ARC</key>
				<string>YES</string>
				<key>CLANG_WARN_CONSTANT_CONVERSION</key>
				<string>YES</string>
				<key>CLANG_WARN_EMPTY_BODY</key>
				<string>YES</string>
				<key>CLANG_WARN_ENUM_CONVERSION</key>
				<string>YES</string>
				<key>CLANG_WARN_INT_CONVERSION</key>
				<string>YES</string>
				<key>CLANG_WARN__DUPLICATE_METHOD_MATCH</key>
				<string>YES</string>
				<key>CODE_SIGN_IDENTITY[sdk=iphoneos*]</key>
				<string>iPhone Developer</string>
				<key>COPY_PHASE_STRIP</key>
				<string>YES</string>
				<key>GCC_C_LANGUAGE_STANDARD</key>
				<string>gnu99</string>
				<key>GCC_WARN_ABOUT_RETURN_TYPE</key>
				<string>YES</string>
				<key>GCC_WARN_UNINITIALIZED_AUTOS</key>
				<string>YES</string>
				<key>GCC_WARN_UNUSED_VARIABLE</key>
				<string>YES</string>
				<key>IPHONEOS_DEPLOYMENT_TARGET</key>
				<string>6.1</string>
				<key>OTHER_CFLAGS</key>
				<string>-DNS_BLOCK_ASSERTIONS=1</string>
				<key>SDKROOT</key>
				<string>iphoneos</string>
				<key>VALIDATE_PRODUCT</key>
				<string>YES</string>
			</dict>
			<key>isa</key>
			<string>XCBuildConfiguration</string>
			<key>name</key>
			<string>Release</string>
		</dict>
		<key>0DF6477616E207A800711B26</key>
		<dict>
			<key>buildConfigurations</key>
			<array>
				<string>0DF6477716E207A800711B26</string>
				<string>0DF6477816E207A800711B26</string>
			</array>
			<key>defaultConfigurationIsVisible</key>
			<string>0</string>
			<key>defaultConfigurationName</key>
			<string>Release</string>
			<key>isa</key>
			<string>XCConfigurationList</string>
		</dict>
		<key>0DF6477716E207A800711B26</key>
		<dict>
			<key>baseConfigurationReference</key>
			<string>F90BBAD076014146A35BD2BA</string>
			<key>buildSettings</key>
			<dict>
				<key>GCC_PRECOMPILE_PREFIX_HEADER</key>
				<string>YES</string>
				<key>GCC_PREFIX_HEADER</key>
				<string>RenoirKensaku/RenoirKensaku-Prefix.pch</string>
				<key>INFOPLIST_FILE</key>
				<string>RenoirKensaku/RenoirKensaku-Info.plist</string>
				<key>PRODUCT_NAME</key>
				<string>$(TARGET_NAME)</string>
				<key>WRAPPER_EXTENSION</key>
				<string>app</string>
			</dict>
			<key>isa</key>
			<string>XCBuildConfiguration</string>
			<key>name</key>
			<string>Debug</string>
		</dict>
		<key>0DF6477816E207A800711B26</key>
		<dict>
			<key>baseConfigurationReference</key>
			<string>F90BBAD076014146A35BD2BA</string>
			<key>buildSettings</key>
			<dict>
				<key>GCC_PRECOMPILE_PREFIX_HEADER</key>
				<string>YES</string>
				<key>GCC_PREFIX_HEADER</key>
				<string>RenoirKensaku/RenoirKensaku-Prefix.pch</string>
				<key>INFOPLIST_FILE</key>
				<string>RenoirKensaku/RenoirKensaku-Info.plist</string>
				<key>PRODUCT_NAME</key>
				<string>$(TARGET_NAME)</string>
				<key>WRAPPER_EXTENSION</key>
				<string>app</string>
			</dict>
			<key>isa</key>
			<string>XCBuildConfiguration</string>
			<key>name</key>
			<string>Release</string>
		</dict>
		<key>0DF6477916E2091200711B26</key>
		<dict>
			<key>children</key>
			<array>
				<string>0DF6477C16E2096900711B26</string>
				<string>0DF6477F16E2096900711B26</string>
				<string>0DF6478016E2096900711B26</string>
				<string>0DF6478116E2096900711B26</string>
				<string>0DF6478216E2096900711B26</string>
			</array>
			<key>isa</key>
			<string>PBXGroup</string>
			<key>name</key>
			<string>Classes</string>
			<key>path</key>
			<string>../Classes</string>
			<key>sourceTree</key>
			<string>&lt;group&gt;</string>
		</dict>
		<key>0DF6477A16E2092200711B26</key>
		<dict>
			<key>children</key>
			<array>
				<string>0DF6479416E209D800711B26</string>
				<string>0DF6479516E209D800711B26</string>
				<string>0DF6478616E2098200711B26</string>
				<string>0DF6478716E2098200711B26</string>
				<string>0DF6478816E2098200711B26</string>
			</array>
			<key>isa</key>
			<string>PBXGroup</string>
			<key>name</key>
			<string>Assets</string>
			<key>path</key>
			<string>../Assets</string>
			<key>sourceTree</key>
			<string>&lt;group&gt;</string>
		</dict>
		<key>0DF6477C16E2096900711B26</key>
		<dict>
			<key>children</key>
			<array>
				<string>0DF6477D16E2096900711B26</string>
				<string>0DF6477E16E2096900711B26</string>
			</array>
			<key>isa</key>
			<string>PBXGroup</string>
			<key>path</key>
			<string>Controllers</string>
			<key>sourceTree</key>
			<string>&lt;group&gt;</string>
		</dict>
		<key>0DF6477D16E2096900711B26</key>
		<dict>
			<key>fileEncoding</key>
			<string>4</string>
			<key>isa</key>
			<string>PBXFileReference</string>
			<key>lastKnownFileType</key>
			<string>sourcecode.c.h</string>
			<key>path</key>
			<string>REViewController.h</string>
			<key>sourceTree</key>
			<string>&lt;group&gt;</string>
		</dict>
		<key>0DF6477E16E2096900711B26</key>
		<dict>
			<key>fileEncoding</key>
			<string>4</string>
			<key>isa</key>
			<string>PBXFileReference</string>
			<key>lastKnownFileType</key>
			<string>sourcecode.c.objc</string>
			<key>path</key>
			<string>REViewController.m</string>
			<key>sourceTree</key>
			<string>&lt;group&gt;</string>
		</dict>
		<key>0DF6477F16E2096900711B26</key>
		<dict>
			<key>children</key>
			<array/>
			<key>isa</key>
			<string>PBXGroup</string>
			<key>path</key>
			<string>Extensions</string>
			<key>sourceTree</key>
			<string>&lt;group&gt;</string>
		</dict>
		<key>0DF6478016E2096900711B26</key>
		<dict>
			<key>children</key>
			<array/>
			<key>isa</key>
			<string>PBXGroup</string>
			<key>path</key>
			<string>Helpers</string>
			<key>sourceTree</key>
			<string>&lt;group&gt;</string>
		</dict>
		<key>0DF6478116E2096900711B26</key>
		<dict>
			<key>children</key>
			<array/>
			<key>isa</key>
			<string>PBXGroup</string>
			<key>path</key>
			<string>Models</string>
			<key>sourceTree</key>
			<string>&lt;group&gt;</string>
		</dict>
		<key>0DF6478216E2096900711B26</key>
		<dict>
			<key>children</key>
			<array/>
			<key>isa</key>
			<string>PBXGroup</string>
			<key>path</key>
			<string>Views</string>
			<key>sourceTree</key>
			<string>&lt;group&gt;</string>
		</dict>
		<key>0DF6478316E2096900711B26</key>
		<dict>
			<key>fileRef</key>
			<string>0DF6477E16E2096900711B26</string>
			<key>isa</key>
			<string>PBXBuildFile</string>
		</dict>
		<key>0DF6478616E2098200711B26</key>
		<dict>
			<key>isa</key>
			<string>PBXFileReference</string>
			<key>lastKnownFileType</key>
			<string>image.png</string>
			<key>path</key>
			<string>Default-568h@2x.png</string>
			<key>sourceTree</key>
			<string>&lt;group&gt;</string>
		</dict>
		<key>0DF6478716E2098200711B26</key>
		<dict>
			<key>isa</key>
			<string>PBXFileReference</string>
			<key>lastKnownFileType</key>
			<string>image.png</string>
			<key>path</key>
			<string>Default.png</string>
			<key>sourceTree</key>
			<string>&lt;group&gt;</string>
		</dict>
		<key>0DF6478816E2098200711B26</key>
		<dict>
			<key>isa</key>
			<string>PBXFileReference</string>
			<key>lastKnownFileType</key>
			<string>image.png</string>
			<key>path</key>
			<string>Default@2x.png</string>
			<key>sourceTree</key>
			<string>&lt;group&gt;</string>
		</dict>
		<key>0DF6478B16E2098200711B26</key>
		<dict>
			<key>fileRef</key>
			<string>0DF6478616E2098200711B26</string>
			<key>isa</key>
			<string>PBXBuildFile</string>
		</dict>
		<key>0DF6478C16E2098200711B26</key>
		<dict>
			<key>fileRef</key>
			<string>0DF6478716E2098200711B26</string>
			<key>isa</key>
			<string>PBXBuildFile</string>
		</dict>
		<key>0DF6478D16E2098200711B26</key>
		<dict>
			<key>fileRef</key>
			<string>0DF6478816E2098200711B26</string>
			<key>isa</key>
			<string>PBXBuildFile</string>
		</dict>
		<key>0DF6479416E209D800711B26</key>
		<dict>
			<key>isa</key>
			<string>PBXFileReference</string>
			<key>lastKnownFileType</key>
			<string>image.png</string>
			<key>path</key>
			<string>appicon.png</string>
			<key>sourceTree</key>
			<string>&lt;group&gt;</string>
		</dict>
		<key>0DF6479516E209D800711B26</key>
		<dict>
			<key>isa</key>
			<string>PBXFileReference</string>
			<key>lastKnownFileType</key>
			<string>image.png</string>
			<key>path</key>
			<string>appicon@2x.png</string>
			<key>sourceTree</key>
			<string>&lt;group&gt;</string>
		</dict>
		<key>0DF6479616E209D800711B26</key>
		<dict>
			<key>fileRef</key>
			<string>0DF6479416E209D800711B26</string>
			<key>isa</key>
			<string>PBXBuildFile</string>
		</dict>
		<key>0DF6479716E209D800711B26</key>
		<dict>
			<key>fileRef</key>
			<string>0DF6479516E209D800711B26</string>
			<key>isa</key>
			<string>PBXBuildFile</string>
		</dict>
		<key>575DB2D8436446DF940AC8DB</key>
		<dict>
			<key>fileRef</key>
			<string>EDA1EFF204CF41DA8B293872</string>
			<key>isa</key>
			<string>PBXBuildFile</string>
			<key>settings</key>
			<dict/>
		</dict>
		<key>8BF560FCBAAC4608BBC301A4</key>
		<dict>
			<key>buildActionMask</key>
			<string>2147483647</string>
			<key>files</key>
			<array/>
			<key>inputPaths</key>
			<array/>
			<key>isa</key>
			<string>PBXShellScriptBuildPhase</string>
			<key>name</key>
			<string>Copy Pods Resources</string>
			<key>outputPaths</key>
			<array/>
			<key>runOnlyForDeploymentPostprocessing</key>
			<string>0</string>
			<key>shellPath</key>
			<string>/bin/sh</string>
			<key>shellScript</key>
			<string>"${SRCROOT}/Pods/Pods-resources.sh"
</string>
			<key>showEnvVarsInLog</key>
			<string>1</string>
		</dict>
		<key>EDA1EFF204CF41DA8B293872</key>
		<dict>
			<key>explicitFileType</key>
			<string>archive.ar</string>
			<key>includeInIndex</key>
			<string>0</string>
			<key>isa</key>
			<string>PBXFileReference</string>
			<key>name</key>
			<string>libPods.a</string>
			<key>path</key>
			<string>libPods.a</string>
			<key>sourceTree</key>
			<string>BUILT_PRODUCTS_DIR</string>
		</dict>
		<key>F90BBAD076014146A35BD2BA</key>
		<dict>
			<key>includeInIndex</key>
			<string>1</string>
			<key>isa</key>
			<string>PBXFileReference</string>
			<key>lastKnownFileType</key>
			<string>text.xcconfig</string>
			<key>name</key>
			<string>Pods.xcconfig</string>
			<key>path</key>
			<string>Pods/Pods.xcconfig</string>
			<key>sourceTree</key>
			<string>SOURCE_ROOT</string>
		</dict>
	</dict>
	<key>rootObject</key>
	<string>0DF6474B16E207A800711B26</string>
</dict>
</plist>
